{
  "originHash" : "b75a7f5e8f2e49030ad404a141ba5086157c17cb5ebb6717784aaae4e3d36757",
  "pins" : [
    {
      "identity" : "swift-syntax",
      "kind" : "remoteSourceControl",
      "location" : "https://github.com/apple/swift-syntax.git",
      "state" : {
        "revision" : "1103c45ece4f7fe160b8f75b4ea1ee2e5fac1841",
        "version" : "601.0.0"
      }
    }
  ],
  "version" : 3
}
